
Microsoft Visual Studio Solution File, Format Version 12.00
# Visual Studio Version 17
VisualStudioVersion = 17.6.33815.320
MinimumVisualStudioVersion = 10.0.40219.1
Project("{FAE04EC0-301F-11D3-BF4B-00C04F79EFBC}") = "E-Ticket.MVC", "E-Ticket.MVC\E-Ticket.MVC.csproj", "{03628E52-65BA-4EBF-8BAA-BD9F1F00721A}"
EndProject
Project("{FAE04EC0-301F-11D3-BF4B-00C04F79EFBC}") = "E-Ticket.Core", "E-Ticket.Core\E-Ticket.Core.csproj", "{FAE846EE-A353-4CE7-86AD-272D30E9510C}"
EndProject
Project("{FAE04EC0-301F-11D3-BF4B-00C04F79EFBC}") = "E-Ticket.Repository", "E-Ticket.Repository\E-Ticket.Repository.csproj", "{1C0F1E1A-8E79-4488-A5B5-87D851A2CD54}"
EndProject
Project("{FAE04EC0-301F-11D3-BF4B-00C04F79EFBC}") = "E-Ticket.Services", "E-Ticket.Services\E-Ticket.Services.csproj", "{7C359239-E9DD-4C81-9731-61DBC00751DD}"
EndProject
Global
	GlobalSection(SolutionConfigurationPlatforms) = preSolution
		Debug|Any CPU = Debug|Any CPU
		Release|Any CPU = Release|Any CPU
	EndGlobalSection
	GlobalSection(ProjectConfigurationPlatforms) = postSolution
		{03628E52-65BA-4EBF-8BAA-BD9F1F00721A}.Debug|Any CPU.ActiveCfg = Debug|Any CPU
		{03628E52-65BA-4EBF-8BAA-BD9F1F00721A}.Debug|Any CPU.Build.0 = Debug|Any CPU
		{03628E52-65BA-4EBF-8BAA-BD9F1F00721A}.Release|Any CPU.ActiveCfg = Release|Any CPU
		{03628E52-65BA-4EBF-8BAA-BD9F1F00721A}.Release|Any CPU.Build.0 = Release|Any CPU
		{FAE846EE-A353-4CE7-86AD-272D30E9510C}.Debug|Any CPU.ActiveCfg = Debug|Any CPU
		{FAE846EE-A353-4CE7-86AD-272D30E9510C}.Debug|Any CPU.Build.0 = Debug|Any CPU
		{FAE846EE-A353-4CE7-86AD-272D30E9510C}.Release|Any CPU.ActiveCfg = Release|Any CPU
		{FAE846EE-A353-4CE7-86AD-272D30E9510C}.Release|Any CPU.Build.0 = Release|Any CPU
		{1C0F1E1A-8E79-4488-A5B5-87D851A2CD54}.Debug|Any CPU.ActiveCfg = Debug|Any CPU
		{1C0F1E1A-8E79-4488-A5B5-87D851A2CD54}.Debug|Any CPU.Build.0 = Debug|Any CPU
		{1C0F1E1A-8E79-4488-A5B5-87D851A2CD54}.Release|Any CPU.ActiveCfg = Release|Any CPU
		{1C0F1E1A-8E79-4488-A5B5-87D851A2CD54}.Release|Any CPU.Build.0 = Release|Any CPU
		{7C359239-E9DD-4C81-9731-61DBC00751DD}.Debug|Any CPU.ActiveCfg = Debug|Any CPU
		{7C359239-E9DD-4C81-9731-61DBC00751DD}.Debug|Any CPU.Build.0 = Debug|Any CPU
		{7C359239-E9DD-4C81-9731-61DBC00751DD}.Release|Any CPU.ActiveCfg = Release|Any CPU
		{7C359239-E9DD-4C81-9731-61DBC00751DD}.Release|Any CPU.Build.0 = Release|Any CPU
	EndGlobalSection
	GlobalSection(SolutionProperties) = preSolution
		HideSolutionNode = FALSE
	EndGlobalSection
	GlobalSection(ExtensibilityGlobals) = postSolution
		SolutionGuid = {310D7D93-118C-401E-99FD-C6737292F5F1}
	EndGlobalSection
EndGlobal
